// !$*UTF8*$!
{
	archiveVersion = 1;
	classes = {
	};
	objectVersion = 50;
	objects = {

/* Begin PBXBuildFile section */
		3B39979A261F00330010CD07 /* DetailEdit.swift in Sources */ = {isa = PBXBuildFile; fileRef = 3B399799261F00330010CD07 /* DetailEdit.swift */; };
		3B6765A8261EEB1500950EA5 /* DetailAppliance.swift in Sources */ = {isa = PBXBuildFile; fileRef = 3B6765A7261EEB1500950EA5 /* DetailAppliance.swift */; };
		6A421A7026147B9F00BACF6A /* AppDelegate.swift in Sources */ = {isa = PBXBuildFile; fileRef = 6A421A6F26147B9F00BACF6A /* AppDelegate.swift */; };
		6A421A7226147B9F00BACF6A /* SceneDelegate.swift in Sources */ = {isa = PBXBuildFile; fileRef = 6A421A7126147B9F00BACF6A /* SceneDelegate.swift */; };
		6A421A7426147B9F00BACF6A /* PlanViewController.swift in Sources */ = {isa = PBXBuildFile; fileRef = 6A421A7326147B9F00BACF6A /* PlanViewController.swift */; };
		6A421A7726147B9F00BACF6A /* Main.storyboard in Resources */ = {isa = PBXBuildFile; fileRef = 6A421A7526147B9F00BACF6A /* Main.storyboard */; };
		6A421A7926147B9F00BACF6A /* Assets.xcassets in Resources */ = {isa = PBXBuildFile; fileRef = 6A421A7826147B9F00BACF6A /* Assets.xcassets */; };
		6A421A7C26147B9F00BACF6A /* LaunchScreen.storyboard in Resources */ = {isa = PBXBuildFile; fileRef = 6A421A7A26147B9F00BACF6A /* LaunchScreen.storyboard */; };
		6A421A8726147BA000BACF6A /* ElectricatorTests.swift in Sources */ = {isa = PBXBuildFile; fileRef = 6A421A8626147BA000BACF6A /* ElectricatorTests.swift */; };
		6A421A9226147BA000BACF6A /* ElectricatorUITests.swift in Sources */ = {isa = PBXBuildFile; fileRef = 6A421A9126147BA000BACF6A /* ElectricatorUITests.swift */; };
		6AB6B582261EED3B0094B6CF /* ApplianceTableViewCell.swift in Sources */ = {isa = PBXBuildFile; fileRef = 6AB6B580261EED3B0094B6CF /* ApplianceTableViewCell.swift */; };
		6AB6B583261EED3B0094B6CF /* ApplianceTableViewCell.xib in Resources */ = {isa = PBXBuildFile; fileRef = 6AB6B581261EED3B0094B6CF /* ApplianceTableViewCell.xib */; };
		7D020B772618592700AF84C5 /* CoreDataTests.swift in Sources */ = {isa = PBXBuildFile; fileRef = 7D020B762618592700AF84C5 /* CoreDataTests.swift */; };
		7D020B7D261859BA00AF84C5 /* CoreDataManager.swift in Sources */ = {isa = PBXBuildFile; fileRef = 7D020B7C261859BA00AF84C5 /* CoreDataManager.swift */; };
		7D020B912618788700AF84C5 /* HouseData.xcdatamodeld in Sources */ = {isa = PBXBuildFile; fileRef = 7D020B8F2618788700AF84C5 /* HouseData.xcdatamodeld */; };
		7D020B95261878B100AF84C5 /* HouseData.xcdatamodeld in Sources */ = {isa = PBXBuildFile; fileRef = 7D020B8F2618788700AF84C5 /* HouseData.xcdatamodeld */; };
		7D99B61D261D879C00A9E2E2 /* AddAppliance.storyboard in Resources */ = {isa = PBXBuildFile; fileRef = 7D99B61C261D879C00A9E2E2 /* AddAppliance.storyboard */; };
		7D99B625261D87AD00A9E2E2 /* CategoryListViewController.swift in Sources */ = {isa = PBXBuildFile; fileRef = 7D99B622261D87AD00A9E2E2 /* CategoryListViewController.swift */; };
		7D99B626261D87AD00A9E2E2 /* RepeatDayViewController.swift in Sources */ = {isa = PBXBuildFile; fileRef = 7D99B623261D87AD00A9E2E2 /* RepeatDayViewController.swift */; };
		7D99B627261D87AD00A9E2E2 /* AddApplianceViewController.swift in Sources */ = {isa = PBXBuildFile; fileRef = 7D99B624261D87AD00A9E2E2 /* AddApplianceViewController.swift */; };
		7D99B62D261D87B200A9E2E2 /* Constants.swift in Sources */ = {isa = PBXBuildFile; fileRef = 7D99B62C261D87B200A9E2E2 /* Constants.swift */; };
		7D99B634261DFC8000A9E2E2 /* Onboarding.storyboard in Resources */ = {isa = PBXBuildFile; fileRef = 7D99B633261DFC8000A9E2E2 /* Onboarding.storyboard */; };
		7D99B63B261DFCE900A9E2E2 /* FirstSetupViewController.swift in Sources */ = {isa = PBXBuildFile; fileRef = 7D99B639261DFCE900A9E2E2 /* FirstSetupViewController.swift */; };
		7D99B63C261DFCE900A9E2E2 /* OnboardingViewController.swift in Sources */ = {isa = PBXBuildFile; fileRef = 7D99B63A261DFCE900A9E2E2 /* OnboardingViewController.swift */; };
		7D99B642261DFD4900A9E2E2 /* UIColor+RGB.swift in Sources */ = {isa = PBXBuildFile; fileRef = 7D99B641261DFD4900A9E2E2 /* UIColor+RGB.swift */; };
		7D99B650261E02C400A9E2E2 /* FirstLaunchManager.swift in Sources */ = {isa = PBXBuildFile; fileRef = 7D99B64F261E02C400A9E2E2 /* FirstLaunchManager.swift */; };
/* End PBXBuildFile section */

/* Begin PBXContainerItemProxy section */
		6A421A8326147BA000BACF6A /* PBXContainerItemProxy */ = {
			isa = PBXContainerItemProxy;
			containerPortal = 6A421A6426147B9F00BACF6A /* Project object */;
			proxyType = 1;
			remoteGlobalIDString = 6A421A6B26147B9F00BACF6A;
			remoteInfo = Electricator;
		};
		6A421A8E26147BA000BACF6A /* PBXContainerItemProxy */ = {
			isa = PBXContainerItemProxy;
			containerPortal = 6A421A6426147B9F00BACF6A /* Project object */;
			proxyType = 1;
			remoteGlobalIDString = 6A421A6B26147B9F00BACF6A;
			remoteInfo = Electricator;
		};
/* End PBXContainerItemProxy section */

/* Begin PBXFileReference section */
		3B399799261F00330010CD07 /* DetailEdit.swift */ = {isa = PBXFileReference; lastKnownFileType = sourcecode.swift; path = DetailEdit.swift; sourceTree = "<group>"; };
		3B6765A7261EEB1500950EA5 /* DetailAppliance.swift */ = {isa = PBXFileReference; lastKnownFileType = sourcecode.swift; path = DetailAppliance.swift; sourceTree = "<group>"; };
		6A421A6C26147B9F00BACF6A /* Electricator.app */ = {isa = PBXFileReference; explicitFileType = wrapper.application; includeInIndex = 0; path = Electricator.app; sourceTree = BUILT_PRODUCTS_DIR; };
		6A421A6F26147B9F00BACF6A /* AppDelegate.swift */ = {isa = PBXFileReference; lastKnownFileType = sourcecode.swift; path = AppDelegate.swift; sourceTree = "<group>"; };
		6A421A7126147B9F00BACF6A /* SceneDelegate.swift */ = {isa = PBXFileReference; lastKnownFileType = sourcecode.swift; path = SceneDelegate.swift; sourceTree = "<group>"; };
		6A421A7326147B9F00BACF6A /* PlanViewController.swift */ = {isa = PBXFileReference; lastKnownFileType = sourcecode.swift; path = PlanViewController.swift; sourceTree = "<group>"; };
		6A421A7626147B9F00BACF6A /* Base */ = {isa = PBXFileReference; lastKnownFileType = file.storyboard; name = Base; path = Base.lproj/Main.storyboard; sourceTree = "<group>"; };
		6A421A7826147B9F00BACF6A /* Assets.xcassets */ = {isa = PBXFileReference; lastKnownFileType = folder.assetcatalog; path = Assets.xcassets; sourceTree = "<group>"; };
		6A421A7B26147B9F00BACF6A /* Base */ = {isa = PBXFileReference; lastKnownFileType = file.storyboard; name = Base; path = Base.lproj/LaunchScreen.storyboard; sourceTree = "<group>"; };
		6A421A7D26147B9F00BACF6A /* Info.plist */ = {isa = PBXFileReference; lastKnownFileType = text.plist.xml; path = Info.plist; sourceTree = "<group>"; };
		6A421A8226147BA000BACF6A /* ElectricatorTests.xctest */ = {isa = PBXFileReference; explicitFileType = wrapper.cfbundle; includeInIndex = 0; path = ElectricatorTests.xctest; sourceTree = BUILT_PRODUCTS_DIR; };
		6A421A8626147BA000BACF6A /* ElectricatorTests.swift */ = {isa = PBXFileReference; lastKnownFileType = sourcecode.swift; path = ElectricatorTests.swift; sourceTree = "<group>"; };
		6A421A8826147BA000BACF6A /* Info.plist */ = {isa = PBXFileReference; lastKnownFileType = text.plist.xml; path = Info.plist; sourceTree = "<group>"; };
		6A421A8D26147BA000BACF6A /* ElectricatorUITests.xctest */ = {isa = PBXFileReference; explicitFileType = wrapper.cfbundle; includeInIndex = 0; path = ElectricatorUITests.xctest; sourceTree = BUILT_PRODUCTS_DIR; };
		6A421A9126147BA000BACF6A /* ElectricatorUITests.swift */ = {isa = PBXFileReference; lastKnownFileType = sourcecode.swift; path = ElectricatorUITests.swift; sourceTree = "<group>"; };
		6A421A9326147BA000BACF6A /* Info.plist */ = {isa = PBXFileReference; lastKnownFileType = text.plist.xml; path = Info.plist; sourceTree = "<group>"; };
		6AB6B580261EED3B0094B6CF /* ApplianceTableViewCell.swift */ = {isa = PBXFileReference; lastKnownFileType = sourcecode.swift; path = ApplianceTableViewCell.swift; sourceTree = "<group>"; };
		6AB6B581261EED3B0094B6CF /* ApplianceTableViewCell.xib */ = {isa = PBXFileReference; lastKnownFileType = file.xib; path = ApplianceTableViewCell.xib; sourceTree = "<group>"; };
		7D020B762618592700AF84C5 /* CoreDataTests.swift */ = {isa = PBXFileReference; lastKnownFileType = sourcecode.swift; path = CoreDataTests.swift; sourceTree = "<group>"; };
		7D020B7C261859BA00AF84C5 /* CoreDataManager.swift */ = {isa = PBXFileReference; lastKnownFileType = sourcecode.swift; path = CoreDataManager.swift; sourceTree = "<group>"; };
		7D020B902618788700AF84C5 /* HouseData.xcdatamodel */ = {isa = PBXFileReference; lastKnownFileType = wrapper.xcdatamodel; path = HouseData.xcdatamodel; sourceTree = "<group>"; };
		7D99B61C261D879C00A9E2E2 /* AddAppliance.storyboard */ = {isa = PBXFileReference; fileEncoding = 4; lastKnownFileType = file.storyboard; path = AddAppliance.storyboard; sourceTree = "<group>"; };
		7D99B622261D87AD00A9E2E2 /* CategoryListViewController.swift */ = {isa = PBXFileReference; fileEncoding = 4; lastKnownFileType = sourcecode.swift; path = CategoryListViewController.swift; sourceTree = "<group>"; };
		7D99B623261D87AD00A9E2E2 /* RepeatDayViewController.swift */ = {isa = PBXFileReference; fileEncoding = 4; lastKnownFileType = sourcecode.swift; path = RepeatDayViewController.swift; sourceTree = "<group>"; };
		7D99B624261D87AD00A9E2E2 /* AddApplianceViewController.swift */ = {isa = PBXFileReference; fileEncoding = 4; lastKnownFileType = sourcecode.swift; path = AddApplianceViewController.swift; sourceTree = "<group>"; };
		7D99B62C261D87B200A9E2E2 /* Constants.swift */ = {isa = PBXFileReference; fileEncoding = 4; lastKnownFileType = sourcecode.swift; path = Constants.swift; sourceTree = "<group>"; };
		7D99B633261DFC8000A9E2E2 /* Onboarding.storyboard */ = {isa = PBXFileReference; fileEncoding = 4; lastKnownFileType = file.storyboard; path = Onboarding.storyboard; sourceTree = "<group>"; };
		7D99B639261DFCE900A9E2E2 /* FirstSetupViewController.swift */ = {isa = PBXFileReference; fileEncoding = 4; lastKnownFileType = sourcecode.swift; path = FirstSetupViewController.swift; sourceTree = "<group>"; };
		7D99B63A261DFCE900A9E2E2 /* OnboardingViewController.swift */ = {isa = PBXFileReference; fileEncoding = 4; lastKnownFileType = sourcecode.swift; path = OnboardingViewController.swift; sourceTree = "<group>"; };
		7D99B641261DFD4900A9E2E2 /* UIColor+RGB.swift */ = {isa = PBXFileReference; fileEncoding = 4; lastKnownFileType = sourcecode.swift; path = "UIColor+RGB.swift"; sourceTree = "<group>"; };
		7D99B64F261E02C400A9E2E2 /* FirstLaunchManager.swift */ = {isa = PBXFileReference; lastKnownFileType = sourcecode.swift; path = FirstLaunchManager.swift; sourceTree = "<group>"; };
/* End PBXFileReference section */

/* Begin PBXFrameworksBuildPhase section */
		6A421A6926147B9F00BACF6A /* Frameworks */ = {
			isa = PBXFrameworksBuildPhase;
			buildActionMask = 2147483647;
			files = (
			);
			runOnlyForDeploymentPostprocessing = 0;
		};
		6A421A7F26147BA000BACF6A /* Frameworks */ = {
			isa = PBXFrameworksBuildPhase;
			buildActionMask = 2147483647;
			files = (
			);
			runOnlyForDeploymentPostprocessing = 0;
		};
		6A421A8A26147BA000BACF6A /* Frameworks */ = {
			isa = PBXFrameworksBuildPhase;
			buildActionMask = 2147483647;
			files = (
			);
			runOnlyForDeploymentPostprocessing = 0;
		};
/* End PBXFrameworksBuildPhase section */

/* Begin PBXGroup section */
		6A421A6326147B9F00BACF6A = {
			isa = PBXGroup;
			children = (
				6A421A6E26147B9F00BACF6A /* Electricator */,
				6A421A8526147BA000BACF6A /* ElectricatorTests */,
				6A421A9026147BA000BACF6A /* ElectricatorUITests */,
				6A421A6D26147B9F00BACF6A /* Products */,
			);
			sourceTree = "<group>";
		};
		6A421A6D26147B9F00BACF6A /* Products */ = {
			isa = PBXGroup;
			children = (
				6A421A6C26147B9F00BACF6A /* Electricator.app */,
				6A421A8226147BA000BACF6A /* ElectricatorTests.xctest */,
				6A421A8D26147BA000BACF6A /* ElectricatorUITests.xctest */,
			);
			name = Products;
			sourceTree = "<group>";
		};
		6A421A6E26147B9F00BACF6A /* Electricator */ = {
			isa = PBXGroup;
			children = (
				7D99B640261DFD3500A9E2E2 /* Extension */,
				7D99B62B261D87B200A9E2E2 /* Utils */,
				7D020B7B261859B100AF84C5 /* Helper */,
				7D020B66261841C900AF84C5 /* CoreData */,
				7D020BA42618955400AF84C5 /* Application */,
				7D020BA02618954900AF84C5 /* Controller */,
				7D020B9F2618954200AF84C5 /* View */,
				6A421A7826147B9F00BACF6A /* Assets.xcassets */,
				6A421A7D26147B9F00BACF6A /* Info.plist */,
			);
			path = Electricator;
			sourceTree = "<group>";
		};
		6A421A8526147BA000BACF6A /* ElectricatorTests */ = {
			isa = PBXGroup;
			children = (
				6A421A8626147BA000BACF6A /* ElectricatorTests.swift */,
				6A421A8826147BA000BACF6A /* Info.plist */,
				7D020B762618592700AF84C5 /* CoreDataTests.swift */,
			);
			path = ElectricatorTests;
			sourceTree = "<group>";
		};
		6A421A9026147BA000BACF6A /* ElectricatorUITests */ = {
			isa = PBXGroup;
			children = (
				6A421A9126147BA000BACF6A /* ElectricatorUITests.swift */,
				6A421A9326147BA000BACF6A /* Info.plist */,
			);
			path = ElectricatorUITests;
			sourceTree = "<group>";
		};
		6AB6B590261F61B70094B6CF /* MyPlan */ = {
			isa = PBXGroup;
			children = (
				6A421A7326147B9F00BACF6A /* PlanViewController.swift */,
				6AB6B580261EED3B0094B6CF /* ApplianceTableViewCell.swift */,
			);
			path = MyPlan;
			sourceTree = "<group>";
		};
		7D020B66261841C900AF84C5 /* CoreData */ = {
			isa = PBXGroup;
			children = (
				7D020B8F2618788700AF84C5 /* HouseData.xcdatamodeld */,
			);
			path = CoreData;
			sourceTree = "<group>";
		};
		7D020B7B261859B100AF84C5 /* Helper */ = {
			isa = PBXGroup;
			children = (
				7D020B7C261859BA00AF84C5 /* CoreDataManager.swift */,
				7D99B64F261E02C400A9E2E2 /* FirstLaunchManager.swift */,
			);
			path = Helper;
			sourceTree = "<group>";
		};
		7D020B9F2618954200AF84C5 /* View */ = {
			isa = PBXGroup;
			children = (
				7D99B633261DFC8000A9E2E2 /* Onboarding.storyboard */,
				7D99B61C261D879C00A9E2E2 /* AddAppliance.storyboard */,
				6A421A7526147B9F00BACF6A /* Main.storyboard */,
				6A421A7A26147B9F00BACF6A /* LaunchScreen.storyboard */,
				6AB6B581261EED3B0094B6CF /* ApplianceTableViewCell.xib */,
			);
			path = View;
			sourceTree = "<group>";
		};
		7D020BA02618954900AF84C5 /* Controller */ = {
			isa = PBXGroup;
			children = (
				6AB6B590261F61B70094B6CF /* MyPlan */,
				7D99B638261DFCD900A9E2E2 /* Onboarding */,
				7D99B621261D87AD00A9E2E2 /* Add Appliance */,
				3B399799261F00330010CD07 /* DetailEdit.swift */,
				3B6765A7261EEB1500950EA5 /* DetailAppliance.swift */,
			);
			path = Controller;
			sourceTree = "<group>";
		};
		7D020BA42618955400AF84C5 /* Application */ = {
			isa = PBXGroup;
			children = (
				6A421A6F26147B9F00BACF6A /* AppDelegate.swift */,
				6A421A7126147B9F00BACF6A /* SceneDelegate.swift */,
			);
			path = Application;
			sourceTree = "<group>";
		};
		7D99B621261D87AD00A9E2E2 /* Add Appliance */ = {
			isa = PBXGroup;
			children = (
				7D99B622261D87AD00A9E2E2 /* CategoryListViewController.swift */,
				7D99B623261D87AD00A9E2E2 /* RepeatDayViewController.swift */,
				7D99B624261D87AD00A9E2E2 /* AddApplianceViewController.swift */,
			);
			path = "Add Appliance";
			sourceTree = "<group>";
		};
		7D99B62B261D87B200A9E2E2 /* Utils */ = {
			isa = PBXGroup;
			children = (
				7D99B62C261D87B200A9E2E2 /* Constants.swift */,
			);
			path = Utils;
			sourceTree = "<group>";
		};
		7D99B638261DFCD900A9E2E2 /* Onboarding */ = {
			isa = PBXGroup;
			children = (
				7D99B639261DFCE900A9E2E2 /* FirstSetupViewController.swift */,
				7D99B63A261DFCE900A9E2E2 /* OnboardingViewController.swift */,
			);
			path = Onboarding;
			sourceTree = "<group>";
		};
		7D99B640261DFD3500A9E2E2 /* Extension */ = {
			isa = PBXGroup;
			children = (
				7D99B641261DFD4900A9E2E2 /* UIColor+RGB.swift */,
			);
			path = Extension;
			sourceTree = "<group>";
		};
/* End PBXGroup section */

/* Begin PBXNativeTarget section */
		6A421A6B26147B9F00BACF6A /* Electricator */ = {
			isa = PBXNativeTarget;
			buildConfigurationList = 6A421A9626147BA000BACF6A /* Build configuration list for PBXNativeTarget "Electricator" */;
			buildPhases = (
				6A421A6826147B9F00BACF6A /* Sources */,
				6A421A6926147B9F00BACF6A /* Frameworks */,
				6A421A6A26147B9F00BACF6A /* Resources */,
			);
			buildRules = (
			);
			dependencies = (
			);
			name = Electricator;
			productName = Electricator;
			productReference = 6A421A6C26147B9F00BACF6A /* Electricator.app */;
			productType = "com.apple.product-type.application";
		};
		6A421A8126147BA000BACF6A /* ElectricatorTests */ = {
			isa = PBXNativeTarget;
			buildConfigurationList = 6A421A9926147BA000BACF6A /* Build configuration list for PBXNativeTarget "ElectricatorTests" */;
			buildPhases = (
				6A421A7E26147BA000BACF6A /* Sources */,
				6A421A7F26147BA000BACF6A /* Frameworks */,
				6A421A8026147BA000BACF6A /* Resources */,
			);
			buildRules = (
			);
			dependencies = (
				6A421A8426147BA000BACF6A /* PBXTargetDependency */,
			);
			name = ElectricatorTests;
			productName = ElectricatorTests;
			productReference = 6A421A8226147BA000BACF6A /* ElectricatorTests.xctest */;
			productType = "com.apple.product-type.bundle.unit-test";
		};
		6A421A8C26147BA000BACF6A /* ElectricatorUITests */ = {
			isa = PBXNativeTarget;
			buildConfigurationList = 6A421A9C26147BA000BACF6A /* Build configuration list for PBXNativeTarget "ElectricatorUITests" */;
			buildPhases = (
				6A421A8926147BA000BACF6A /* Sources */,
				6A421A8A26147BA000BACF6A /* Frameworks */,
				6A421A8B26147BA000BACF6A /* Resources */,
			);
			buildRules = (
			);
			dependencies = (
				6A421A8F26147BA000BACF6A /* PBXTargetDependency */,
			);
			name = ElectricatorUITests;
			productName = ElectricatorUITests;
			productReference = 6A421A8D26147BA000BACF6A /* ElectricatorUITests.xctest */;
			productType = "com.apple.product-type.bundle.ui-testing";
		};
/* End PBXNativeTarget section */

/* Begin PBXProject section */
		6A421A6426147B9F00BACF6A /* Project object */ = {
			isa = PBXProject;
			attributes = {
				LastSwiftUpdateCheck = 1240;
				LastUpgradeCheck = 1240;
				TargetAttributes = {
					6A421A6B26147B9F00BACF6A = {
						CreatedOnToolsVersion = 12.4;
					};
					6A421A8126147BA000BACF6A = {
						CreatedOnToolsVersion = 12.4;
						TestTargetID = 6A421A6B26147B9F00BACF6A;
					};
					6A421A8C26147BA000BACF6A = {
						CreatedOnToolsVersion = 12.4;
						TestTargetID = 6A421A6B26147B9F00BACF6A;
					};
				};
			};
			buildConfigurationList = 6A421A6726147B9F00BACF6A /* Build configuration list for PBXProject "Electricator" */;
			compatibilityVersion = "Xcode 9.3";
			developmentRegion = en;
			hasScannedForEncodings = 0;
			knownRegions = (
				en,
				Base,
			);
			mainGroup = 6A421A6326147B9F00BACF6A;
			productRefGroup = 6A421A6D26147B9F00BACF6A /* Products */;
			projectDirPath = "";
			projectRoot = "";
			targets = (
				6A421A6B26147B9F00BACF6A /* Electricator */,
				6A421A8126147BA000BACF6A /* ElectricatorTests */,
				6A421A8C26147BA000BACF6A /* ElectricatorUITests */,
			);
		};
/* End PBXProject section */

/* Begin PBXResourcesBuildPhase section */
		6A421A6A26147B9F00BACF6A /* Resources */ = {
			isa = PBXResourcesBuildPhase;
			buildActionMask = 2147483647;
			files = (
				7D99B61D261D879C00A9E2E2 /* AddAppliance.storyboard in Resources */,
				6AB6B583261EED3B0094B6CF /* ApplianceTableViewCell.xib in Resources */,
				7D99B634261DFC8000A9E2E2 /* Onboarding.storyboard in Resources */,
				6A421A7C26147B9F00BACF6A /* LaunchScreen.storyboard in Resources */,
				6A421A7926147B9F00BACF6A /* Assets.xcassets in Resources */,
				6A421A7726147B9F00BACF6A /* Main.storyboard in Resources */,
			);
			runOnlyForDeploymentPostprocessing = 0;
		};
		6A421A8026147BA000BACF6A /* Resources */ = {
			isa = PBXResourcesBuildPhase;
			buildActionMask = 2147483647;
			files = (
			);
			runOnlyForDeploymentPostprocessing = 0;
		};
		6A421A8B26147BA000BACF6A /* Resources */ = {
			isa = PBXResourcesBuildPhase;
			buildActionMask = 2147483647;
			files = (
			);
			runOnlyForDeploymentPostprocessing = 0;
		};
/* End PBXResourcesBuildPhase section */

/* Begin PBXSourcesBuildPhase section */
		6A421A6826147B9F00BACF6A /* Sources */ = {
			isa = PBXSourcesBuildPhase;
			buildActionMask = 2147483647;
			files = (
				7D99B627261D87AD00A9E2E2 /* AddApplianceViewController.swift in Sources */,
				6A421A7426147B9F00BACF6A /* PlanViewController.swift in Sources */,
				6A421A7026147B9F00BACF6A /* AppDelegate.swift in Sources */,
				7D99B625261D87AD00A9E2E2 /* CategoryListViewController.swift in Sources */,
				3B6765A8261EEB1500950EA5 /* DetailAppliance.swift in Sources */,
				7D99B63C261DFCE900A9E2E2 /* OnboardingViewController.swift in Sources */,
				6AB6B582261EED3B0094B6CF /* ApplianceTableViewCell.swift in Sources */,
				6A421A7226147B9F00BACF6A /* SceneDelegate.swift in Sources */,
				3B39979A261F00330010CD07 /* DetailEdit.swift in Sources */,
				7D020B7D261859BA00AF84C5 /* CoreDataManager.swift in Sources */,
				7D020B912618788700AF84C5 /* HouseData.xcdatamodeld in Sources */,
				7D99B626261D87AD00A9E2E2 /* RepeatDayViewController.swift in Sources */,
				7D99B642261DFD4900A9E2E2 /* UIColor+RGB.swift in Sources */,
				7D99B62D261D87B200A9E2E2 /* Constants.swift in Sources */,
				7D99B63B261DFCE900A9E2E2 /* FirstSetupViewController.swift in Sources */,
				7D99B650261E02C400A9E2E2 /* FirstLaunchManager.swift in Sources */,
			);
			runOnlyForDeploymentPostprocessing = 0;
		};
		6A421A7E26147BA000BACF6A /* Sources */ = {
			isa = PBXSourcesBuildPhase;
			buildActionMask = 2147483647;
			files = (
				7D020B95261878B100AF84C5 /* HouseData.xcdatamodeld in Sources */,
				7D020B772618592700AF84C5 /* CoreDataTests.swift in Sources */,
				6A421A8726147BA000BACF6A /* ElectricatorTests.swift in Sources */,
			);
			runOnlyForDeploymentPostprocessing = 0;
		};
		6A421A8926147BA000BACF6A /* Sources */ = {
			isa = PBXSourcesBuildPhase;
			buildActionMask = 2147483647;
			files = (
				6A421A9226147BA000BACF6A /* ElectricatorUITests.swift in Sources */,
			);
			runOnlyForDeploymentPostprocessing = 0;
		};
/* End PBXSourcesBuildPhase section */

/* Begin PBXTargetDependency section */
		6A421A8426147BA000BACF6A /* PBXTargetDependency */ = {
			isa = PBXTargetDependency;
			target = 6A421A6B26147B9F00BACF6A /* Electricator */;
			targetProxy = 6A421A8326147BA000BACF6A /* PBXContainerItemProxy */;
		};
		6A421A8F26147BA000BACF6A /* PBXTargetDependency */ = {
			isa = PBXTargetDependency;
			target = 6A421A6B26147B9F00BACF6A /* Electricator */;
			targetProxy = 6A421A8E26147BA000BACF6A /* PBXContainerItemProxy */;
		};
/* End PBXTargetDependency section */

/* Begin PBXVariantGroup section */
		6A421A7526147B9F00BACF6A /* Main.storyboard */ = {
			isa = PBXVariantGroup;
			children = (
				6A421A7626147B9F00BACF6A /* Base */,
			);
			name = Main.storyboard;
			sourceTree = "<group>";
		};
		6A421A7A26147B9F00BACF6A /* LaunchScreen.storyboard */ = {
			isa = PBXVariantGroup;
			children = (
				6A421A7B26147B9F00BACF6A /* Base */,
			);
			name = LaunchScreen.storyboard;
			sourceTree = "<group>";
		};
/* End PBXVariantGroup section */

/* Begin XCBuildConfiguration section */
		6A421A9426147BA000BACF6A /* Debug */ = {
			isa = XCBuildConfiguration;
			buildSettings = {
				ALWAYS_SEARCH_USER_PATHS = NO;
				CLANG_ANALYZER_NONNULL = YES;
				CLANG_ANALYZER_NUMBER_OBJECT_CONVERSION = YES_AGGRESSIVE;
				CLANG_CXX_LANGUAGE_STANDARD = "gnu++14";
				CLANG_CXX_LIBRARY = "libc++";
				CLANG_ENABLE_MODULES = YES;
				CLANG_ENABLE_OBJC_ARC = YES;
				CLANG_ENABLE_OBJC_WEAK = YES;
				CLANG_WARN_BLOCK_CAPTURE_AUTORELEASING = YES;
				CLANG_WARN_BOOL_CONVERSION = YES;
				CLANG_WARN_COMMA = YES;
				CLANG_WARN_CONSTANT_CONVERSION = YES;
				CLANG_WARN_DEPRECATED_OBJC_IMPLEMENTATIONS = YES;
				CLANG_WARN_DIRECT_OBJC_ISA_USAGE = YES_ERROR;
				CLANG_WARN_DOCUMENTATION_COMMENTS = YES;
				CLANG_WARN_EMPTY_BODY = YES;
				CLANG_WARN_ENUM_CONVERSION = YES;
				CLANG_WARN_INFINITE_RECURSION = YES;
				CLANG_WARN_INT_CONVERSION = YES;
				CLANG_WARN_NON_LITERAL_NULL_CONVERSION = YES;
				CLANG_WARN_OBJC_IMPLICIT_RETAIN_SELF = YES;
				CLANG_WARN_OBJC_LITERAL_CONVERSION = YES;
				CLANG_WARN_OBJC_ROOT_CLASS = YES_ERROR;
				CLANG_WARN_QUOTED_INCLUDE_IN_FRAMEWORK_HEADER = YES;
				CLANG_WARN_RANGE_LOOP_ANALYSIS = YES;
				CLANG_WARN_STRICT_PROTOTYPES = YES;
				CLANG_WARN_SUSPICIOUS_MOVE = YES;
				CLANG_WARN_UNGUARDED_AVAILABILITY = YES_AGGRESSIVE;
				CLANG_WARN_UNREACHABLE_CODE = YES;
				CLANG_WARN__DUPLICATE_METHOD_MATCH = YES;
				COPY_PHASE_STRIP = NO;
				DEBUG_INFORMATION_FORMAT = dwarf;
				ENABLE_STRICT_OBJC_MSGSEND = YES;
				ENABLE_TESTABILITY = YES;
				GCC_C_LANGUAGE_STANDARD = gnu11;
				GCC_DYNAMIC_NO_PIC = NO;
				GCC_NO_COMMON_BLOCKS = YES;
				GCC_OPTIMIZATION_LEVEL = 0;
				GCC_PREPROCESSOR_DEFINITIONS = (
					"DEBUG=1",
					"$(inherited)",
				);
				GCC_WARN_64_TO_32_BIT_CONVERSION = YES;
				GCC_WARN_ABOUT_RETURN_TYPE = YES_ERROR;
				GCC_WARN_UNDECLARED_SELECTOR = YES;
				GCC_WARN_UNINITIALIZED_AUTOS = YES_AGGRESSIVE;
				GCC_WARN_UNUSED_FUNCTION = YES;
				GCC_WARN_UNUSED_VARIABLE = YES;
				IPHONEOS_DEPLOYMENT_TARGET = 14.4;
				MTL_ENABLE_DEBUG_INFO = INCLUDE_SOURCE;
				MTL_FAST_MATH = YES;
				ONLY_ACTIVE_ARCH = YES;
				SDKROOT = iphoneos;
				SWIFT_ACTIVE_COMPILATION_CONDITIONS = DEBUG;
				SWIFT_OPTIMIZATION_LEVEL = "-Onone";
			};
			name = Debug;
		};
		6A421A9526147BA000BACF6A /* Release */ = {
			isa = XCBuildConfiguration;
			buildSettings = {
				ALWAYS_SEARCH_USER_PATHS = NO;
				CLANG_ANALYZER_NONNULL = YES;
				CLANG_ANALYZER_NUMBER_OBJECT_CONVERSION = YES_AGGRESSIVE;
				CLANG_CXX_LANGUAGE_STANDARD = "gnu++14";
				CLANG_CXX_LIBRARY = "libc++";
				CLANG_ENABLE_MODULES = YES;
				CLANG_ENABLE_OBJC_ARC = YES;
				CLANG_ENABLE_OBJC_WEAK = YES;
				CLANG_WARN_BLOCK_CAPTURE_AUTORELEASING = YES;
				CLANG_WARN_BOOL_CONVERSION = YES;
				CLANG_WARN_COMMA = YES;
				CLANG_WARN_CONSTANT_CONVERSION = YES;
				CLANG_WARN_DEPRECATED_OBJC_IMPLEMENTATIONS = YES;
				CLANG_WARN_DIRECT_OBJC_ISA_USAGE = YES_ERROR;
				CLANG_WARN_DOCUMENTATION_COMMENTS = YES;
				CLANG_WARN_EMPTY_BODY = YES;
				CLANG_WARN_ENUM_CONVERSION = YES;
				CLANG_WARN_INFINITE_RECURSION = YES;
				CLANG_WARN_INT_CONVERSION = YES;
				CLANG_WARN_NON_LITERAL_NULL_CONVERSION = YES;
				CLANG_WARN_OBJC_IMPLICIT_RETAIN_SELF = YES;
				CLANG_WARN_OBJC_LITERAL_CONVERSION = YES;
				CLANG_WARN_OBJC_ROOT_CLASS = YES_ERROR;
				CLANG_WARN_QUOTED_INCLUDE_IN_FRAMEWORK_HEADER = YES;
				CLANG_WARN_RANGE_LOOP_ANALYSIS = YES;
				CLANG_WARN_STRICT_PROTOTYPES = YES;
				CLANG_WARN_SUSPICIOUS_MOVE = YES;
				CLANG_WARN_UNGUARDED_AVAILABILITY = YES_AGGRESSIVE;
				CLANG_WARN_UNREACHABLE_CODE = YES;
				CLANG_WARN__DUPLICATE_METHOD_MATCH = YES;
				COPY_PHASE_STRIP = NO;
				DEBUG_INFORMATION_FORMAT = "dwarf-with-dsym";
				ENABLE_NS_ASSERTIONS = NO;
				ENABLE_STRICT_OBJC_MSGSEND = YES;
				GCC_C_LANGUAGE_STANDARD = gnu11;
				GCC_NO_COMMON_BLOCKS = YES;
				GCC_WARN_64_TO_32_BIT_CONVERSION = YES;
				GCC_WARN_ABOUT_RETURN_TYPE = YES_ERROR;
				GCC_WARN_UNDECLARED_SELECTOR = YES;
				GCC_WARN_UNINITIALIZED_AUTOS = YES_AGGRESSIVE;
				GCC_WARN_UNUSED_FUNCTION = YES;
				GCC_WARN_UNUSED_VARIABLE = YES;
				IPHONEOS_DEPLOYMENT_TARGET = 14.4;
				MTL_ENABLE_DEBUG_INFO = NO;
				MTL_FAST_MATH = YES;
				SDKROOT = iphoneos;
				SWIFT_COMPILATION_MODE = wholemodule;
				SWIFT_OPTIMIZATION_LEVEL = "-O";
				VALIDATE_PRODUCT = YES;
			};
			name = Release;
		};
		6A421A9726147BA000BACF6A /* Debug */ = {
			isa = XCBuildConfiguration;
			buildSettings = {
				ASSETCATALOG_COMPILER_APPICON_NAME = AppIcon;
				ASSETCATALOG_COMPILER_GLOBAL_ACCENT_COLOR_NAME = AccentColor;
				CODE_SIGN_STYLE = Automatic;
				DEVELOPMENT_TEAM = X9XRN4TUZZ;
				INFOPLIST_FILE = Electricator/Info.plist;
				LD_RUNPATH_SEARCH_PATHS = (
					"$(inherited)",
					"@executable_path/Frameworks",
				);
				PRODUCT_BUNDLE_IDENTIFIER = com.rahmanarifofficial.Electricator;
				PRODUCT_NAME = "$(TARGET_NAME)";
				SWIFT_VERSION = 5.0;
				TARGETED_DEVICE_FAMILY = "1,2";
			};
			name = Debug;
		};
		6A421A9826147BA000BACF6A /* Release */ = {
			isa = XCBuildConfiguration;
			buildSettings = {
				ASSETCATALOG_COMPILER_APPICON_NAME = AppIcon;
				ASSETCATALOG_COMPILER_GLOBAL_ACCENT_COLOR_NAME = AccentColor;
				CODE_SIGN_STYLE = Automatic;
				DEVELOPMENT_TEAM = X9XRN4TUZZ;
				INFOPLIST_FILE = Electricator/Info.plist;
				LD_RUNPATH_SEARCH_PATHS = (
					"$(inherited)",
					"@executable_path/Frameworks",
				);
				PRODUCT_BUNDLE_IDENTIFIER = com.rahmanarifofficial.Electricator;
				PRODUCT_NAME = "$(TARGET_NAME)";
				SWIFT_VERSION = 5.0;
				TARGETED_DEVICE_FAMILY = "1,2";
			};
			name = Release;
		};
		6A421A9A26147BA000BACF6A /* Debug */ = {
			isa = XCBuildConfiguration;
			buildSettings = {
				ALWAYS_EMBED_SWIFT_STANDARD_LIBRARIES = YES;
				BUNDLE_LOADER = "$(TEST_HOST)";
				CODE_SIGN_STYLE = Automatic;
				DEVELOPMENT_TEAM = X9XRN4TUZZ;
				INFOPLIST_FILE = ElectricatorTests/Info.plist;
				IPHONEOS_DEPLOYMENT_TARGET = 14.4;
				LD_RUNPATH_SEARCH_PATHS = (
					"$(inherited)",
					"@executable_path/Frameworks",
					"@loader_path/Frameworks",
				);
				PRODUCT_BUNDLE_IDENTIFIER = com.rahmanarifofficial.ElectricatorTests;
				PRODUCT_NAME = "$(TARGET_NAME)";
				SWIFT_VERSION = 5.0;
				TARGETED_DEVICE_FAMILY = "1,2";
				TEST_HOST = "$(BUILT_PRODUCTS_DIR)/Electricator.app/Electricator";
			};
			name = Debug;
		};
		6A421A9B26147BA000BACF6A /* Release */ = {
			isa = XCBuildConfiguration;
			buildSettings = {
				ALWAYS_EMBED_SWIFT_STANDARD_LIBRARIES = YES;
				BUNDLE_LOADER = "$(TEST_HOST)";
				CODE_SIGN_STYLE = Automatic;
				DEVELOPMENT_TEAM = X9XRN4TUZZ;
				INFOPLIST_FILE = ElectricatorTests/Info.plist;
				IPHONEOS_DEPLOYMENT_TARGET = 14.4;
				LD_RUNPATH_SEARCH_PATHS = (
					"$(inherited)",
					"@executable_path/Frameworks",
					"@loader_path/Frameworks",
				);
				PRODUCT_BUNDLE_IDENTIFIER = com.rahmanarifofficial.ElectricatorTests;
				PRODUCT_NAME = "$(TARGET_NAME)";
				SWIFT_VERSION = 5.0;
				TARGETED_DEVICE_FAMILY = "1,2";
				TEST_HOST = "$(BUILT_PRODUCTS_DIR)/Electricator.app/Electricator";
			};
			name = Release;
		};
		6A421A9D26147BA000BACF6A /* Debug */ = {
			isa = XCBuildConfiguration;
			buildSettings = {
				ALWAYS_EMBED_SWIFT_STANDARD_LIBRARIES = YES;
				CODE_SIGN_STYLE = Automatic;
				DEVELOPMENT_TEAM = X9XRN4TUZZ;
				INFOPLIST_FILE = ElectricatorUITests/Info.plist;
				LD_RUNPATH_SEARCH_PATHS = (
					"$(inherited)",
					"@executable_path/Frameworks",
					"@loader_path/Frameworks",
				);
				PRODUCT_BUNDLE_IDENTIFIER = com.rahmanarifofficial.ElectricatorUITests;
				PRODUCT_NAME = "$(TARGET_NAME)";
				SWIFT_VERSION = 5.0;
				TARGETED_DEVICE_FAMILY = "1,2";
				TEST_TARGET_NAME = Electricator;
			};
			name = Debug;
		};
		6A421A9E26147BA000BACF6A /* Release */ = {
			isa = XCBuildConfiguration;
			buildSettings = {
				ALWAYS_EMBED_SWIFT_STANDARD_LIBRARIES = YES;
				CODE_SIGN_STYLE = Automatic;
				DEVELOPMENT_TEAM = X9XRN4TUZZ;
				INFOPLIST_FILE = ElectricatorUITests/Info.plist;
				LD_RUNPATH_SEARCH_PATHS = (
					"$(inherited)",
					"@executable_path/Frameworks",
					"@loader_path/Frameworks",
				);
				PRODUCT_BUNDLE_IDENTIFIER = com.rahmanarifofficial.ElectricatorUITests;
				PRODUCT_NAME = "$(TARGET_NAME)";
				SWIFT_VERSION = 5.0;
				TARGETED_DEVICE_FAMILY = "1,2";
				TEST_TARGET_NAME = Electricator;
			};
			name = Release;
		};
/* End XCBuildConfiguration section */

/* Begin XCConfigurationList section */
		6A421A6726147B9F00BACF6A /* Build configuration list for PBXProject "Electricator" */ = {
			isa = XCConfigurationList;
			buildConfigurations = (
				6A421A9426147BA000BACF6A /* Debug */,
				6A421A9526147BA000BACF6A /* Release */,
			);
			defaultConfigurationIsVisible = 0;
			defaultConfigurationName = Release;
		};
		6A421A9626147BA000BACF6A /* Build configuration list for PBXNativeTarget "Electricator" */ = {
			isa = XCConfigurationList;
			buildConfigurations = (
				6A421A9726147BA000BACF6A /* Debug */,
				6A421A9826147BA000BACF6A /* Release */,
			);
			defaultConfigurationIsVisible = 0;
			defaultConfigurationName = Release;
		};
		6A421A9926147BA000BACF6A /* Build configuration list for PBXNativeTarget "ElectricatorTests" */ = {
			isa = XCConfigurationList;
			buildConfigurations = (
				6A421A9A26147BA000BACF6A /* Debug */,
				6A421A9B26147BA000BACF6A /* Release */,
			);
			defaultConfigurationIsVisible = 0;
			defaultConfigurationName = Release;
		};
		6A421A9C26147BA000BACF6A /* Build configuration list for PBXNativeTarget "ElectricatorUITests" */ = {
			isa = XCConfigurationList;
			buildConfigurations = (
				6A421A9D26147BA000BACF6A /* Debug */,
				6A421A9E26147BA000BACF6A /* Release */,
			);
			defaultConfigurationIsVisible = 0;
			defaultConfigurationName = Release;
		};
/* End XCConfigurationList section */

/* Begin XCVersionGroup section */
		7D020B8F2618788700AF84C5 /* HouseData.xcdatamodeld */ = {
			isa = XCVersionGroup;
			children = (
				7D020B902618788700AF84C5 /* HouseData.xcdatamodel */,
			);
			currentVersion = 7D020B902618788700AF84C5 /* HouseData.xcdatamodel */;
			path = HouseData.xcdatamodeld;
			sourceTree = "<group>";
			versionGroupType = wrapper.xcdatamodel;
		};
/* End XCVersionGroup section */
	};
	rootObject = 6A421A6426147B9F00BACF6A /* Project object */;
}
